
Microsoft Visual Studio Solution File, Format Version 12.00
# Visual Studio Version 17
VisualStudioVersion = 17.11.35222.181
MinimumVisualStudioVersion = 10.0.40219.1
Project("{FAE04EC0-301F-11D3-BF4B-00C04F79EFBC}") = "manžer-ejshop", "manžer-ejshop\manžer-ejshop.csproj", "{F95CC0F8-96A3-4E79-A2DE-815FA63BD10F}"
EndProject
Global
	GlobalSection(SolutionConfigurationPlatforms) = preSolution
		Debug|Any CPU = Debug|Any CPU
		Release|Any CPU = Release|Any CPU
	EndGlobalSection
	GlobalSection(ProjectConfigurationPlatforms) = postSolution
		{F95CC0F8-96A3-4E79-A2DE-815FA63BD10F}.Debug|Any CPU.ActiveCfg = Debug|Any CPU
		{F95CC0F8-96A3-4E79-A2DE-815FA63BD10F}.Debug|Any CPU.Build.0 = Debug|Any CPU
		{F95CC0F8-96A3-4E79-A2DE-815FA63BD10F}.Release|Any CPU.ActiveCfg = Release|Any CPU
		{F95CC0F8-96A3-4E79-A2DE-815FA63BD10F}.Release|Any CPU.Build.0 = Release|Any CPU
	EndGlobalSection
	GlobalSection(SolutionProperties) = preSolution
		HideSolutionNode = FALSE
	EndGlobalSection
	GlobalSection(ExtensibilityGlobals) = postSolution
		SolutionGuid = {ED235D92-E435-4A0A-B554-3595B939195E}
	EndGlobalSection
EndGlobal
